
Microsoft Visual Studio Solution File, Format Version 12.00
# Visual Studio Version 16
VisualStudioVersion = 16.0.30503.244
MinimumVisualStudioVersion = 10.0.40219.1
Project("{2150E333-8FDC-42A3-9474-1A3956D46DE8}") = "Solution Items", "Solution Items", "{38D5599E-F411-4A4B-B633-ED48A6A1032A}"
	ProjectSection(SolutionItems) = preProject
		.gitignore = .gitignore
		LICENSE = LICENSE
		README.md = README.md
	EndProjectSection
EndProject
Project("{2150E333-8FDC-42A3-9474-1A3956D46DE8}") = "Tasks", "Tasks", "{ABF1C711-D775-48C8-8182-F30B2A0AB4DC}"
EndProject
Project("{9A19103F-16F7-4668-BE54-9A1E7A4F7556}") = "TeachMeSkills.DotNet.Task1", "src\TeachMeSkills.DotNet.Task1\TeachMeSkills.DotNet.Task1.csproj", "{D866C99C-33BC-4FA1-96A6-CDC363CA6B60}"
EndProject
Project("{9A19103F-16F7-4668-BE54-9A1E7A4F7556}") = "TeachMeSkills.DotNet.Task2", "src\TeachMeSkills.DotNet.Task2\TeachMeSkills.DotNet.Task2.csproj", "{4FC22F52-399B-45B2-84B2-7353980FBF7A}"
EndProject
Project("{9A19103F-16F7-4668-BE54-9A1E7A4F7556}") = "TeachMeSkills.DotNet.Task3", "src\TeachMeSkills.DotNet.Task3\TeachMeSkills.DotNet.Task3.csproj", "{E65ED52E-AAA4-40C6-A2A8-D42C1A18E0FD}"
EndProject
Project("{9A19103F-16F7-4668-BE54-9A1E7A4F7556}") = "TeachMeSkills.DotNet.Task4", "src\TeachMeSkills.DotNet.Task4\TeachMeSkills.DotNet.Task4.csproj", "{0E41E94F-691D-484E-8B60-89FB8E048064}"
EndProject
Project("{FAE04EC0-301F-11D3-BF4B-00C04F79EFBC}") = "TeachMeSkills.DotNet.Task5", "TeachMeSkills.DotNet.Task5\TeachMeSkills.DotNet.Task5.csproj", "{60CD3970-6591-42B5-B642-EA0ACBB573C4}"
EndProject
Project("{9A19103F-16F7-4668-BE54-9A1E7A4F7556}") = "TeachMeSkills.DotNet.Task6", "src\TeachMeSkills.DotNet.Task6\TeachMeSkills.DotNet.Task6.csproj", "{F2C61A8B-5434-42FE-A952-3706855DB962}"
EndProject
Project("{9A19103F-16F7-4668-BE54-9A1E7A4F7556}") = "TeachMeSkills.DotNet.Task7", "src\TeachMeSkills.DotNet.Task7\TeachMeSkills.DotNet.Task7.csproj", "{F9E5F2A5-0EE3-4579-A711-926F38A008D0}"
EndProject
Project("{9A19103F-16F7-4668-BE54-9A1E7A4F7556}") = "TeachMeSkills.DotNet.Task8", "src\TeachMeSkills.DotNet.Task8\TeachMeSkills.DotNet.Task8.csproj", "{547AF1A1-93BA-4EB0-84D6-F8AE0EB92564}"
EndProject
Project("{9A19103F-16F7-4668-BE54-9A1E7A4F7556}") = "TeachMeSkills.DotNet.Task9", "src\TeachMeSkills.DotNet.Task9\TeachMeSkills.DotNet.Task9.csproj", "{E9001ECB-F40F-452F-9731-DD1CEF01998B}"
EndProject
Project("{9A19103F-16F7-4668-BE54-9A1E7A4F7556}") = "TeachMeSkills.DotNet.Task10", "src\TeachMeSkills.DotNet.Task10\TeachMeSkills.DotNet.Task10.csproj", "{203DEA9D-A467-4037-9EE1-5B2A34A92806}"
EndProject
Project("{9A19103F-16F7-4668-BE54-9A1E7A4F7556}") = "TeachMeSkills.DotNet.Task11", "src\TeachMeSkills.DotNet.Task11\TeachMeSkills.DotNet.Task11.csproj", "{82C9F6BF-1F5B-413F-9319-0EE1F0137CFA}"
EndProject
Project("{9A19103F-16F7-4668-BE54-9A1E7A4F7556}") = "TeachMeSkills.DotNet.Task13", "src\TeachMwSkills.DotNet.Task12\TeachMeSkills.DotNet.Task13.csproj", "{11ED7500-0631-474D-B714-D923EA68DC5F}"
EndProject
Project("{9A19103F-16F7-4668-BE54-9A1E7A4F7556}") = "TeachMeSkills.DotNet.Task14", "src\TeachMeSkills.DotNet.Task14\TeachMeSkills.DotNet.Task14.csproj", "{FC975DFC-A7EE-4D45-9074-20B2D6CD520E}"
EndProject
Project("{9A19103F-16F7-4668-BE54-9A1E7A4F7556}") = "TeachMeSkills.DotNet.Task16", "src\TeachMeSkills.DotNet.Task16\TeachMeSkills.DotNet.Task16.csproj", "{83A12761-7F5D-417E-985E-52C532A258DD}"
EndProject
Project("{FAE04EC0-301F-11D3-BF4B-00C04F79EFBC}") = "TeachMeSkills.DotNet.Task17", "src\TeachMeSkills.DotNet.Task17\TeachMeSkills.DotNet.Task17.csproj", "{56772A2D-D8C1-4B0B-9786-09F631EC3381}"
EndProject
Global
	GlobalSection(SolutionConfigurationPlatforms) = preSolution
		Debug|Any CPU = Debug|Any CPU
		Release|Any CPU = Release|Any CPU
	EndGlobalSection
	GlobalSection(ProjectConfigurationPlatforms) = postSolution
		{D866C99C-33BC-4FA1-96A6-CDC363CA6B60}.Debug|Any CPU.ActiveCfg = Debug|Any CPU
		{D866C99C-33BC-4FA1-96A6-CDC363CA6B60}.Debug|Any CPU.Build.0 = Debug|Any CPU
		{D866C99C-33BC-4FA1-96A6-CDC363CA6B60}.Release|Any CPU.ActiveCfg = Release|Any CPU
		{D866C99C-33BC-4FA1-96A6-CDC363CA6B60}.Release|Any CPU.Build.0 = Release|Any CPU
		{4FC22F52-399B-45B2-84B2-7353980FBF7A}.Debug|Any CPU.ActiveCfg = Debug|Any CPU
		{4FC22F52-399B-45B2-84B2-7353980FBF7A}.Debug|Any CPU.Build.0 = Debug|Any CPU
		{4FC22F52-399B-45B2-84B2-7353980FBF7A}.Release|Any CPU.ActiveCfg = Release|Any CPU
		{4FC22F52-399B-45B2-84B2-7353980FBF7A}.Release|Any CPU.Build.0 = Release|Any CPU
		{E65ED52E-AAA4-40C6-A2A8-D42C1A18E0FD}.Debug|Any CPU.ActiveCfg = Debug|Any CPU
		{E65ED52E-AAA4-40C6-A2A8-D42C1A18E0FD}.Debug|Any CPU.Build.0 = Debug|Any CPU
		{E65ED52E-AAA4-40C6-A2A8-D42C1A18E0FD}.Release|Any CPU.ActiveCfg = Release|Any CPU
		{E65ED52E-AAA4-40C6-A2A8-D42C1A18E0FD}.Release|Any CPU.Build.0 = Release|Any CPU
		{0E41E94F-691D-484E-8B60-89FB8E048064}.Debug|Any CPU.ActiveCfg = Debug|Any CPU
		{0E41E94F-691D-484E-8B60-89FB8E048064}.Debug|Any CPU.Build.0 = Debug|Any CPU
		{0E41E94F-691D-484E-8B60-89FB8E048064}.Release|Any CPU.ActiveCfg = Release|Any CPU
		{0E41E94F-691D-484E-8B60-89FB8E048064}.Release|Any CPU.Build.0 = Release|Any CPU
		{60CD3970-6591-42B5-B642-EA0ACBB573C4}.Debug|Any CPU.ActiveCfg = Debug|Any CPU
		{60CD3970-6591-42B5-B642-EA0ACBB573C4}.Debug|Any CPU.Build.0 = Debug|Any CPU
		{60CD3970-6591-42B5-B642-EA0ACBB573C4}.Release|Any CPU.ActiveCfg = Release|Any CPU
		{60CD3970-6591-42B5-B642-EA0ACBB573C4}.Release|Any CPU.Build.0 = Release|Any CPU
		{F2C61A8B-5434-42FE-A952-3706855DB962}.Debug|Any CPU.ActiveCfg = Debug|Any CPU
		{F2C61A8B-5434-42FE-A952-3706855DB962}.Debug|Any CPU.Build.0 = Debug|Any CPU
		{F2C61A8B-5434-42FE-A952-3706855DB962}.Release|Any CPU.ActiveCfg = Release|Any CPU
		{F2C61A8B-5434-42FE-A952-3706855DB962}.Release|Any CPU.Build.0 = Release|Any CPU
		{F9E5F2A5-0EE3-4579-A711-926F38A008D0}.Debug|Any CPU.ActiveCfg = Debug|Any CPU
		{F9E5F2A5-0EE3-4579-A711-926F38A008D0}.Debug|Any CPU.Build.0 = Debug|Any CPU
		{F9E5F2A5-0EE3-4579-A711-926F38A008D0}.Release|Any CPU.ActiveCfg = Release|Any CPU
		{F9E5F2A5-0EE3-4579-A711-926F38A008D0}.Release|Any CPU.Build.0 = Release|Any CPU
		{547AF1A1-93BA-4EB0-84D6-F8AE0EB92564}.Debug|Any CPU.ActiveCfg = Debug|Any CPU
		{547AF1A1-93BA-4EB0-84D6-F8AE0EB92564}.Debug|Any CPU.Build.0 = Debug|Any CPU
		{547AF1A1-93BA-4EB0-84D6-F8AE0EB92564}.Release|Any CPU.ActiveCfg = Release|Any CPU
		{547AF1A1-93BA-4EB0-84D6-F8AE0EB92564}.Release|Any CPU.Build.0 = Release|Any CPU
		{E9001ECB-F40F-452F-9731-DD1CEF01998B}.Debug|Any CPU.ActiveCfg = Debug|Any CPU
		{E9001ECB-F40F-452F-9731-DD1CEF01998B}.Debug|Any CPU.Build.0 = Debug|Any CPU
		{E9001ECB-F40F-452F-9731-DD1CEF01998B}.Release|Any CPU.ActiveCfg = Release|Any CPU
		{E9001ECB-F40F-452F-9731-DD1CEF01998B}.Release|Any CPU.Build.0 = Release|Any CPU
		{203DEA9D-A467-4037-9EE1-5B2A34A92806}.Debug|Any CPU.ActiveCfg = Debug|Any CPU
		{203DEA9D-A467-4037-9EE1-5B2A34A92806}.Debug|Any CPU.Build.0 = Debug|Any CPU
		{203DEA9D-A467-4037-9EE1-5B2A34A92806}.Release|Any CPU.ActiveCfg = Release|Any CPU
		{203DEA9D-A467-4037-9EE1-5B2A34A92806}.Release|Any CPU.Build.0 = Release|Any CPU
		{82C9F6BF-1F5B-413F-9319-0EE1F0137CFA}.Debug|Any CPU.ActiveCfg = Debug|Any CPU
		{82C9F6BF-1F5B-413F-9319-0EE1F0137CFA}.Debug|Any CPU.Build.0 = Debug|Any CPU
		{82C9F6BF-1F5B-413F-9319-0EE1F0137CFA}.Release|Any CPU.ActiveCfg = Release|Any CPU
		{82C9F6BF-1F5B-413F-9319-0EE1F0137CFA}.Release|Any CPU.Build.0 = Release|Any CPU
		{11ED7500-0631-474D-B714-D923EA68DC5F}.Debug|Any CPU.ActiveCfg = Debug|Any CPU
		{11ED7500-0631-474D-B714-D923EA68DC5F}.Debug|Any CPU.Build.0 = Debug|Any CPU
		{11ED7500-0631-474D-B714-D923EA68DC5F}.Release|Any CPU.ActiveCfg = Release|Any CPU
		{11ED7500-0631-474D-B714-D923EA68DC5F}.Release|Any CPU.Build.0 = Release|Any CPU
		{FC975DFC-A7EE-4D45-9074-20B2D6CD520E}.Debug|Any CPU.ActiveCfg = Debug|Any CPU
		{FC975DFC-A7EE-4D45-9074-20B2D6CD520E}.Debug|Any CPU.Build.0 = Debug|Any CPU
		{FC975DFC-A7EE-4D45-9074-20B2D6CD520E}.Release|Any CPU.ActiveCfg = Release|Any CPU
		{FC975DFC-A7EE-4D45-9074-20B2D6CD520E}.Release|Any CPU.Build.0 = Release|Any CPU
		{83A12761-7F5D-417E-985E-52C532A258DD}.Debug|Any CPU.ActiveCfg = Debug|Any CPU
		{83A12761-7F5D-417E-985E-52C532A258DD}.Debug|Any CPU.Build.0 = Debug|Any CPU
		{83A12761-7F5D-417E-985E-52C532A258DD}.Release|Any CPU.ActiveCfg = Release|Any CPU
		{83A12761-7F5D-417E-985E-52C532A258DD}.Release|Any CPU.Build.0 = Release|Any CPU
		{56772A2D-D8C1-4B0B-9786-09F631EC3381}.Debug|Any CPU.ActiveCfg = Debug|Any CPU
		{56772A2D-D8C1-4B0B-9786-09F631EC3381}.Debug|Any CPU.Build.0 = Debug|Any CPU
		{56772A2D-D8C1-4B0B-9786-09F631EC3381}.Release|Any CPU.ActiveCfg = Release|Any CPU
		{56772A2D-D8C1-4B0B-9786-09F631EC3381}.Release|Any CPU.Build.0 = Release|Any CPU
	EndGlobalSection
	GlobalSection(SolutionProperties) = preSolution
		HideSolutionNode = FALSE
	EndGlobalSection
	GlobalSection(NestedProjects) = preSolution
		{D866C99C-33BC-4FA1-96A6-CDC363CA6B60} = {ABF1C711-D775-48C8-8182-F30B2A0AB4DC}
		{4FC22F52-399B-45B2-84B2-7353980FBF7A} = {ABF1C711-D775-48C8-8182-F30B2A0AB4DC}
		{E65ED52E-AAA4-40C6-A2A8-D42C1A18E0FD} = {ABF1C711-D775-48C8-8182-F30B2A0AB4DC}
		{0E41E94F-691D-484E-8B60-89FB8E048064} = {ABF1C711-D775-48C8-8182-F30B2A0AB4DC}
		{60CD3970-6591-42B5-B642-EA0ACBB573C4} = {ABF1C711-D775-48C8-8182-F30B2A0AB4DC}
		{F2C61A8B-5434-42FE-A952-3706855DB962} = {ABF1C711-D775-48C8-8182-F30B2A0AB4DC}
		{F9E5F2A5-0EE3-4579-A711-926F38A008D0} = {ABF1C711-D775-48C8-8182-F30B2A0AB4DC}
		{547AF1A1-93BA-4EB0-84D6-F8AE0EB92564} = {ABF1C711-D775-48C8-8182-F30B2A0AB4DC}
		{E9001ECB-F40F-452F-9731-DD1CEF01998B} = {ABF1C711-D775-48C8-8182-F30B2A0AB4DC}
		{203DEA9D-A467-4037-9EE1-5B2A34A92806} = {ABF1C711-D775-48C8-8182-F30B2A0AB4DC}
		{82C9F6BF-1F5B-413F-9319-0EE1F0137CFA} = {ABF1C711-D775-48C8-8182-F30B2A0AB4DC}
		{11ED7500-0631-474D-B714-D923EA68DC5F} = {ABF1C711-D775-48C8-8182-F30B2A0AB4DC}
		{FC975DFC-A7EE-4D45-9074-20B2D6CD520E} = {ABF1C711-D775-48C8-8182-F30B2A0AB4DC}
		{83A12761-7F5D-417E-985E-52C532A258DD} = {ABF1C711-D775-48C8-8182-F30B2A0AB4DC}
		{56772A2D-D8C1-4B0B-9786-09F631EC3381} = {ABF1C711-D775-48C8-8182-F30B2A0AB4DC}
	EndGlobalSection
	GlobalSection(ExtensibilityGlobals) = postSolution
		SolutionGuid = {AB361F5D-A586-489F-BE2A-9BA764BA63B1}
	EndGlobalSection
EndGlobal
